prepare:
  cmd: python3 gpt_snorkel_data_prepare.py
  deps:
  - path: gpt_snorkel_data_prepare.py
    md5: 47cd4087f13fb16181cda448c6d47a0b
  params:
    params.yaml:
      prepare.lines: 100
  outs:
  - path: prepare
    md5: 62a9c0ec7350ea7616145949efbf39f0.dir
label:
  cmd: python3 gpt_snorkel_label.py label prepare ktrain
  deps:
  - path: gpt_snorkel_label.py
    md5: dd1ca84bf26968eefc8d6f8ec3d2ac91
  - path: prepare
    md5: 62a9c0ec7350ea7616145949efbf39f0.dir
  outs:
  - path: label
    md5: 37c357c5786ba64853c206ec569f814e.dir
label_model:
  cmd: python3 gpt_snorkel_label_model.py snorkel_model label prepare
  deps:
  - path: gpt_snorkel_label_model.py
    md5: 8979f7f753bd9e95cd139e5c111984af
  - path: label
    md5: b55ab71fea94ebc398649df1588d97d0.dir
  outs:
  - path: snorkel_model
    md5: bd603ad1854a64d034e730d277425a04.dir
bert_model:
  cmd: python3 gpt_snorkel_label_bert_model.py snorkel_model bert_model
  deps:
  - path: gpt_snorkel_label_bert_model.py
    md5: e0db56c9d393aa3afd2e6e1ba1244693
  - path: snorkel_model
    md5: 8346ecda12deff1d682393eb6e69cdab.dir
  outs:
  - path: bert_model
    md5: f87797b040621c8e67b2ca870f10a4a0.dir
