prepare:
  cmd: python3 gpt_snorkel_data_prepare.py
  deps:
  - path: gpt_snorkel_data_prepare.py
    md5: 47cd4087f13fb16181cda448c6d47a0b
  params:
    params.yaml:
      prepare.lines: 100
  outs:
  - path: prepare
    md5: 62a9c0ec7350ea7616145949efbf39f0.dir
label:
  cmd: python3 gpt_snorkel_label.py label prepare ktrain
  deps:
  - path: gpt_snorkel_label.py
    md5: dd1ca84bf26968eefc8d6f8ec3d2ac91
  - path: prepare
    md5: 62a9c0ec7350ea7616145949efbf39f0.dir
  outs:
  - path: label
    md5: 37c357c5786ba64853c206ec569f814e.dir
label_model:
  cmd: python3 gpt_snorkel_label_model.py snorkel_model label prepare
  deps:
  - path: gpt_snorkel_label_model.py
    md5: 80d9ccf0e6da979fb893bc2382d1311c
  - path: label
    md5: 4d1b876590d87ae0569572feca6d11dd.dir
  outs:
  - path: snorkel_model
    md5: 8346ecda12deff1d682393eb6e69cdab.dir
bert_model:
  cmd: python3 gpt_snorkel_label_bert_model.py snorkel_model bert_model
  deps:
  - path: gpt_snorkel_label_bert_model.py
    md5: fc4a73acbc86a6a2cd5686e5676d358e
  - path: snorkel_model
    md5: 8346ecda12deff1d682393eb6e69cdab.dir
  outs:
  - path: bert_model
    md5: accadfbd11b2409234c6249083cb1120.dir
